
Microsoft Visual Studio Solution File, Format Version 12.00
# Visual Studio 15
VisualStudioVersion = 15.0.27004.2009
MinimumVisualStudioVersion = 10.0.40219.1
Project("{54435603-DBB4-11D2-8724-00A0C9A8B90C}") = "AINT-254_Shooter_Unknown_Installer_x86", "AINT-254_Shooter_Unknown_Installer_x86\AINT-254_Shooter_Unknown_Installer_x86.vdproj", "{24F4B2FF-950B-4071-8364-530E82A809A2}"
EndProject
Global
	GlobalSection(SolutionConfigurationPlatforms) = preSolution
		Debug|Default = Debug|Default
		Release|Default = Release|Default
	EndGlobalSection
	GlobalSection(ProjectConfigurationPlatforms) = postSolution
		{24F4B2FF-950B-4071-8364-530E82A809A2}.Debug|Default.ActiveCfg = Debug
		{24F4B2FF-950B-4071-8364-530E82A809A2}.Debug|Default.Build.0 = Debug
		{24F4B2FF-950B-4071-8364-530E82A809A2}.Release|Default.ActiveCfg = Release
		{24F4B2FF-950B-4071-8364-530E82A809A2}.Release|Default.Build.0 = Release
	EndGlobalSection
	GlobalSection(SolutionProperties) = preSolution
		HideSolutionNode = FALSE
	EndGlobalSection
	GlobalSection(ExtensibilityGlobals) = postSolution
		SolutionGuid = {D91915AB-CAC0-4652-8B47-BA27710AB9BC}
	EndGlobalSection
EndGlobal
